
Microsoft Visual Studio Solution File, Format Version 12.00
# Visual Studio Version 17
VisualStudioVersion = 17.11.35327.3
MinimumVisualStudioVersion = 10.0.40219.1
Project("{FAE04EC0-301F-11D3-BF4B-00C04F79EFBC}") = "Vistas", "Vistas\Vistas.csproj", "{18EE3C01-6AB9-4F1A-AF20-F18CD7A53744}"
EndProject
Project("{FAE04EC0-301F-11D3-BF4B-00C04F79EFBC}") = "Negocio", "Negocio\Negocio.csproj", "{96316120-7145-428F-A33C-793676D61D4A}"
EndProject
Project("{FAE04EC0-301F-11D3-BF4B-00C04F79EFBC}") = "Datos", "Datos\Datos.csproj", "{8E2B48E6-C577-4DA0-8B4F-16398FA99275}"
EndProject
Project("{FAE04EC0-301F-11D3-BF4B-00C04F79EFBC}") = "Entidades", "Entidades\Entidades.csproj", "{FD5BED51-4BF6-4AD5-953B-558A02ADF914}"
EndProject
Global
	GlobalSection(SolutionConfigurationPlatforms) = preSolution
		Debug|Any CPU = Debug|Any CPU
		Release|Any CPU = Release|Any CPU
	EndGlobalSection
	GlobalSection(ProjectConfigurationPlatforms) = postSolution
		{18EE3C01-6AB9-4F1A-AF20-F18CD7A53744}.Debug|Any CPU.ActiveCfg = Debug|Any CPU
		{18EE3C01-6AB9-4F1A-AF20-F18CD7A53744}.Debug|Any CPU.Build.0 = Debug|Any CPU
		{18EE3C01-6AB9-4F1A-AF20-F18CD7A53744}.Release|Any CPU.ActiveCfg = Release|Any CPU
		{18EE3C01-6AB9-4F1A-AF20-F18CD7A53744}.Release|Any CPU.Build.0 = Release|Any CPU
		{96316120-7145-428F-A33C-793676D61D4A}.Debug|Any CPU.ActiveCfg = Debug|Any CPU
		{96316120-7145-428F-A33C-793676D61D4A}.Debug|Any CPU.Build.0 = Debug|Any CPU
		{96316120-7145-428F-A33C-793676D61D4A}.Release|Any CPU.ActiveCfg = Release|Any CPU
		{96316120-7145-428F-A33C-793676D61D4A}.Release|Any CPU.Build.0 = Release|Any CPU
		{8E2B48E6-C577-4DA0-8B4F-16398FA99275}.Debug|Any CPU.ActiveCfg = Debug|Any CPU
		{8E2B48E6-C577-4DA0-8B4F-16398FA99275}.Debug|Any CPU.Build.0 = Debug|Any CPU
		{8E2B48E6-C577-4DA0-8B4F-16398FA99275}.Release|Any CPU.ActiveCfg = Release|Any CPU
		{8E2B48E6-C577-4DA0-8B4F-16398FA99275}.Release|Any CPU.Build.0 = Release|Any CPU
		{FD5BED51-4BF6-4AD5-953B-558A02ADF914}.Debug|Any CPU.ActiveCfg = Debug|Any CPU
		{FD5BED51-4BF6-4AD5-953B-558A02ADF914}.Debug|Any CPU.Build.0 = Debug|Any CPU
		{FD5BED51-4BF6-4AD5-953B-558A02ADF914}.Release|Any CPU.ActiveCfg = Release|Any CPU
		{FD5BED51-4BF6-4AD5-953B-558A02ADF914}.Release|Any CPU.Build.0 = Release|Any CPU
	EndGlobalSection
	GlobalSection(SolutionProperties) = preSolution
		HideSolutionNode = FALSE
	EndGlobalSection
	GlobalSection(ExtensibilityGlobals) = postSolution
		SolutionGuid = {B87490EE-EE66-490E-B933-E2BCE21166F2}
	EndGlobalSection
EndGlobal
