
Microsoft Visual Studio Solution File, Format Version 12.00
# Visual Studio Version 17
VisualStudioVersion = 17.10.35122.118
MinimumVisualStudioVersion = 10.0.40219.1
Project("{FAE04EC0-301F-11D3-BF4B-00C04F79EFBC}") = "TP 1", "TP 1\TP 1.csproj", "{8F092314-7384-49C8-A1E6-D5B27082866E}"
EndProject
Global
	GlobalSection(SolutionConfigurationPlatforms) = preSolution
		Debug|Any CPU = Debug|Any CPU
		Release|Any CPU = Release|Any CPU
	EndGlobalSection
	GlobalSection(ProjectConfigurationPlatforms) = postSolution
		{8F092314-7384-49C8-A1E6-D5B27082866E}.Debug|Any CPU.ActiveCfg = Debug|Any CPU
		{8F092314-7384-49C8-A1E6-D5B27082866E}.Debug|Any CPU.Build.0 = Debug|Any CPU
		{8F092314-7384-49C8-A1E6-D5B27082866E}.Release|Any CPU.ActiveCfg = Release|Any CPU
		{8F092314-7384-49C8-A1E6-D5B27082866E}.Release|Any CPU.Build.0 = Release|Any CPU
	EndGlobalSection
	GlobalSection(SolutionProperties) = preSolution
		HideSolutionNode = FALSE
	EndGlobalSection
	GlobalSection(ExtensibilityGlobals) = postSolution
		SolutionGuid = {5E06193E-B266-44BE-BC21-54BFD6DE8837}
	EndGlobalSection
EndGlobal
