
Microsoft Visual Studio Solution File, Format Version 12.00
# Visual Studio Version 17
VisualStudioVersion = 17.11.35219.272
MinimumVisualStudioVersion = 10.0.40219.1
Project("{FAE04EC0-301F-11D3-BF4B-00C04F79EFBC}") = "TP2", "TP2\TP2.csproj", "{FF0E4B1B-67A8-4FA2-B657-0468D6A84EE6}"
EndProject
Global
	GlobalSection(SolutionConfigurationPlatforms) = preSolution
		Debug|Any CPU = Debug|Any CPU
		Release|Any CPU = Release|Any CPU
	EndGlobalSection
	GlobalSection(ProjectConfigurationPlatforms) = postSolution
		{FF0E4B1B-67A8-4FA2-B657-0468D6A84EE6}.Debug|Any CPU.ActiveCfg = Debug|Any CPU
		{FF0E4B1B-67A8-4FA2-B657-0468D6A84EE6}.Debug|Any CPU.Build.0 = Debug|Any CPU
		{FF0E4B1B-67A8-4FA2-B657-0468D6A84EE6}.Release|Any CPU.ActiveCfg = Release|Any CPU
		{FF0E4B1B-67A8-4FA2-B657-0468D6A84EE6}.Release|Any CPU.Build.0 = Release|Any CPU
	EndGlobalSection
	GlobalSection(SolutionProperties) = preSolution
		HideSolutionNode = FALSE
	EndGlobalSection
	GlobalSection(ExtensibilityGlobals) = postSolution
		SolutionGuid = {E30390F2-8674-46AA-B05B-AB585D30E0D1}
	EndGlobalSection
EndGlobal
