
Microsoft Visual Studio Solution File, Format Version 12.00
# Visual Studio Version 17
VisualStudioVersion = 17.11.35222.181
MinimumVisualStudioVersion = 10.0.40219.1
Project("{FAE04EC0-301F-11D3-BF4B-00C04F79EFBC}") = "TP7_GRUPO_4", "TP7_GRUPO_4\TP7_GRUPO_4.csproj", "{2CD6E59D-6503-4309-BAF2-163D148F357C}"
EndProject
Global
	GlobalSection(SolutionConfigurationPlatforms) = preSolution
		Debug|Any CPU = Debug|Any CPU
		Release|Any CPU = Release|Any CPU
	EndGlobalSection
	GlobalSection(ProjectConfigurationPlatforms) = postSolution
		{2CD6E59D-6503-4309-BAF2-163D148F357C}.Debug|Any CPU.ActiveCfg = Debug|Any CPU
		{2CD6E59D-6503-4309-BAF2-163D148F357C}.Debug|Any CPU.Build.0 = Debug|Any CPU
		{2CD6E59D-6503-4309-BAF2-163D148F357C}.Release|Any CPU.ActiveCfg = Release|Any CPU
		{2CD6E59D-6503-4309-BAF2-163D148F357C}.Release|Any CPU.Build.0 = Release|Any CPU
	EndGlobalSection
	GlobalSection(SolutionProperties) = preSolution
		HideSolutionNode = FALSE
	EndGlobalSection
	GlobalSection(ExtensibilityGlobals) = postSolution
		SolutionGuid = {D8748A3F-03B8-4D96-B561-707DC2728145}
	EndGlobalSection
EndGlobal
