
Microsoft Visual Studio Solution File, Format Version 12.00
# Visual Studio Version 17
VisualStudioVersion = 17.11.35327.3
MinimumVisualStudioVersion = 10.0.40219.1
Project("{FAE04EC0-301F-11D3-BF4B-00C04F79EFBC}") = "Vistas", "Vistas\Vistas.csproj", "{2E490144-330A-4807-B861-77715E5DE245}"
EndProject
Project("{FAE04EC0-301F-11D3-BF4B-00C04F79EFBC}") = "Negocios", "Negocios\Negocios.csproj", "{FF5D3F54-359D-4646-9AAF-00B6FB946A17}"
EndProject
Project("{FAE04EC0-301F-11D3-BF4B-00C04F79EFBC}") = "Datos", "Datos\Datos.csproj", "{9EF40AB4-F4DE-4A48-9486-08F038518223}"
EndProject
Project("{FAE04EC0-301F-11D3-BF4B-00C04F79EFBC}") = "Entidades", "Entidades\Entidades.csproj", "{126C8A36-D61B-4424-89B7-95F262BAB02C}"
EndProject
Project("{FAE04EC0-301F-11D3-BF4B-00C04F79EFBC}") = "Seguridad", "Seguridad\Seguridad.csproj", "{2F2BBDCE-BA87-435F-A2B7-962725FFA45F}"
EndProject
Global
	GlobalSection(SolutionConfigurationPlatforms) = preSolution
		Debug|Any CPU = Debug|Any CPU
		Release|Any CPU = Release|Any CPU
	EndGlobalSection
	GlobalSection(ProjectConfigurationPlatforms) = postSolution
		{2E490144-330A-4807-B861-77715E5DE245}.Debug|Any CPU.ActiveCfg = Debug|Any CPU
		{2E490144-330A-4807-B861-77715E5DE245}.Debug|Any CPU.Build.0 = Debug|Any CPU
		{2E490144-330A-4807-B861-77715E5DE245}.Release|Any CPU.ActiveCfg = Release|Any CPU
		{2E490144-330A-4807-B861-77715E5DE245}.Release|Any CPU.Build.0 = Release|Any CPU
		{FF5D3F54-359D-4646-9AAF-00B6FB946A17}.Debug|Any CPU.ActiveCfg = Debug|Any CPU
		{FF5D3F54-359D-4646-9AAF-00B6FB946A17}.Debug|Any CPU.Build.0 = Debug|Any CPU
		{FF5D3F54-359D-4646-9AAF-00B6FB946A17}.Release|Any CPU.ActiveCfg = Release|Any CPU
		{FF5D3F54-359D-4646-9AAF-00B6FB946A17}.Release|Any CPU.Build.0 = Release|Any CPU
		{9EF40AB4-F4DE-4A48-9486-08F038518223}.Debug|Any CPU.ActiveCfg = Debug|Any CPU
		{9EF40AB4-F4DE-4A48-9486-08F038518223}.Debug|Any CPU.Build.0 = Debug|Any CPU
		{9EF40AB4-F4DE-4A48-9486-08F038518223}.Release|Any CPU.ActiveCfg = Release|Any CPU
		{9EF40AB4-F4DE-4A48-9486-08F038518223}.Release|Any CPU.Build.0 = Release|Any CPU
		{126C8A36-D61B-4424-89B7-95F262BAB02C}.Debug|Any CPU.ActiveCfg = Debug|Any CPU
		{126C8A36-D61B-4424-89B7-95F262BAB02C}.Debug|Any CPU.Build.0 = Debug|Any CPU
		{126C8A36-D61B-4424-89B7-95F262BAB02C}.Release|Any CPU.ActiveCfg = Release|Any CPU
		{126C8A36-D61B-4424-89B7-95F262BAB02C}.Release|Any CPU.Build.0 = Release|Any CPU
		{2F2BBDCE-BA87-435F-A2B7-962725FFA45F}.Debug|Any CPU.ActiveCfg = Debug|Any CPU
		{2F2BBDCE-BA87-435F-A2B7-962725FFA45F}.Debug|Any CPU.Build.0 = Debug|Any CPU
		{2F2BBDCE-BA87-435F-A2B7-962725FFA45F}.Release|Any CPU.ActiveCfg = Release|Any CPU
		{2F2BBDCE-BA87-435F-A2B7-962725FFA45F}.Release|Any CPU.Build.0 = Release|Any CPU
	EndGlobalSection
	GlobalSection(SolutionProperties) = preSolution
		HideSolutionNode = FALSE
	EndGlobalSection
	GlobalSection(ExtensibilityGlobals) = postSolution
		SolutionGuid = {16956B66-861F-4329-974A-7991C1097E7B}
	EndGlobalSection
EndGlobal
